
Microsoft Visual Studio Solution File, Format Version 12.00
# Visual Studio 15
VisualStudioVersion = 15.0.28307.645
MinimumVisualStudioVersion = 10.0.40219.1
Project("{FAE04EC0-301F-11D3-BF4B-00C04F79EFBC}") = "D001傳統委派Void", "..\D001傳統委派\D001傳統委派Void.csproj", "{14F7BA46-196D-4621-831C-520181A45E8E}"
EndProject
Project("{FAE04EC0-301F-11D3-BF4B-00C04F79EFBC}") = "D002傳統委派具有回傳值", "..\D002傳統委派具有回傳值\D002傳統委派具有回傳值.csproj", "{75EC0510-18C2-48E8-B3F6-08D61CD2C42F}"
EndProject
Project("{FAE04EC0-301F-11D3-BF4B-00C04F79EFBC}") = "D003證明委派是一種型別", "D003證明委派是一種型別\D003證明委派是一種型別.csproj", "{C6317E7C-E6AD-4A42-B12A-4130685AA736}"
EndProject
Project("{FAE04EC0-301F-11D3-BF4B-00C04F79EFBC}") = "D004將委派塞入變數與參數傳遞", "..\D004將委派塞入變數與參數傳遞\D004將委派塞入變數與參數傳遞.csproj", "{2FBFF7CC-1F85-4341-BDDD-6854D77F6D0E}"
EndProject
Global
	GlobalSection(SolutionConfigurationPlatforms) = preSolution
		Debug|Any CPU = Debug|Any CPU
		Release|Any CPU = Release|Any CPU
	EndGlobalSection
	GlobalSection(ProjectConfigurationPlatforms) = postSolution
		{14F7BA46-196D-4621-831C-520181A45E8E}.Debug|Any CPU.ActiveCfg = Debug|Any CPU
		{14F7BA46-196D-4621-831C-520181A45E8E}.Debug|Any CPU.Build.0 = Debug|Any CPU
		{14F7BA46-196D-4621-831C-520181A45E8E}.Release|Any CPU.ActiveCfg = Release|Any CPU
		{14F7BA46-196D-4621-831C-520181A45E8E}.Release|Any CPU.Build.0 = Release|Any CPU
		{75EC0510-18C2-48E8-B3F6-08D61CD2C42F}.Debug|Any CPU.ActiveCfg = Debug|Any CPU
		{75EC0510-18C2-48E8-B3F6-08D61CD2C42F}.Debug|Any CPU.Build.0 = Debug|Any CPU
		{75EC0510-18C2-48E8-B3F6-08D61CD2C42F}.Release|Any CPU.ActiveCfg = Release|Any CPU
		{75EC0510-18C2-48E8-B3F6-08D61CD2C42F}.Release|Any CPU.Build.0 = Release|Any CPU
		{C6317E7C-E6AD-4A42-B12A-4130685AA736}.Debug|Any CPU.ActiveCfg = Debug|Any CPU
		{C6317E7C-E6AD-4A42-B12A-4130685AA736}.Debug|Any CPU.Build.0 = Debug|Any CPU
		{C6317E7C-E6AD-4A42-B12A-4130685AA736}.Release|Any CPU.ActiveCfg = Release|Any CPU
		{C6317E7C-E6AD-4A42-B12A-4130685AA736}.Release|Any CPU.Build.0 = Release|Any CPU
		{2FBFF7CC-1F85-4341-BDDD-6854D77F6D0E}.Debug|Any CPU.ActiveCfg = Debug|Any CPU
		{2FBFF7CC-1F85-4341-BDDD-6854D77F6D0E}.Debug|Any CPU.Build.0 = Debug|Any CPU
		{2FBFF7CC-1F85-4341-BDDD-6854D77F6D0E}.Release|Any CPU.ActiveCfg = Release|Any CPU
		{2FBFF7CC-1F85-4341-BDDD-6854D77F6D0E}.Release|Any CPU.Build.0 = Release|Any CPU
	EndGlobalSection
	GlobalSection(SolutionProperties) = preSolution
		HideSolutionNode = FALSE
	EndGlobalSection
	GlobalSection(ExtensibilityGlobals) = postSolution
		SolutionGuid = {F6403C21-F8E3-4C85-A781-EEC2FE771762}
	EndGlobalSection
EndGlobal
