
Microsoft Visual Studio Solution File, Format Version 12.00
# Visual Studio 15
VisualStudioVersion = 15.0.28307.645
MinimumVisualStudioVersion = 10.0.40219.1
Project("{FAE04EC0-301F-11D3-BF4B-00C04F79EFBC}") = "D001傳統委派Void", "..\D001傳統委派\D001傳統委派Void.csproj", "{14F7BA46-196D-4621-831C-520181A45E8E}"
EndProject
Project("{FAE04EC0-301F-11D3-BF4B-00C04F79EFBC}") = "D002傳統委派具有回傳值", "..\D002傳統委派具有回傳值\D002傳統委派具有回傳值.csproj", "{75EC0510-18C2-48E8-B3F6-08D61CD2C42F}"
EndProject
Project("{FAE04EC0-301F-11D3-BF4B-00C04F79EFBC}") = "D004將委派塞入變數與參數傳遞", "..\D004將委派塞入變數與參數傳遞\D004將委派塞入變數與參數傳遞.csproj", "{2FBFF7CC-1F85-4341-BDDD-6854D77F6D0E}"
EndProject
Project("{FAE04EC0-301F-11D3-BF4B-00C04F79EFBC}") = "D005Action介紹", "..\D005Action介紹\D005Action介紹.csproj", "{8986ACD6-81E8-4435-9220-8ECA0F04980D}"
EndProject
Project("{FAE04EC0-301F-11D3-BF4B-00C04F79EFBC}") = "D003證明委派是一種型別", "..\D003證明委派是一種型別\D003證明委派是一種型別.csproj", "{C31FCE65-48B8-49FE-BCB5-B712E9F65180}"
EndProject
Project("{FAE04EC0-301F-11D3-BF4B-00C04F79EFBC}") = "D006Predicate介紹", "..\D006Predicate介紹\D006Predicate介紹.csproj", "{323E1CD6-5B67-43EF-88F2-7CB08C7AF952}"
EndProject
Project("{FAE04EC0-301F-11D3-BF4B-00C04F79EFBC}") = "D007Func介紹", "..\D007Func介紹\D007Func介紹.csproj", "{AA340B10-C33A-4EB6-88C3-02F9FCCB9512}"
EndProject
Project("{FAE04EC0-301F-11D3-BF4B-00C04F79EFBC}") = "D008Expression介紹", "..\D008Expression介紹\D008Expression介紹.csproj", "{0A66E80A-20BE-4DD9-8331-A16D8E81080A}"
EndProject
Project("{FAE04EC0-301F-11D3-BF4B-00C04F79EFBC}") = "D009Lambda介紹", "..\D009Lambda介紹\D009Lambda介紹.csproj", "{B1719FD0-8D9A-449E-BAE3-3E4DD9538089}"
EndProject
Project("{FAE04EC0-301F-11D3-BF4B-00C04F79EFBC}") = "D010AsyncLambda介紹", "..\D010AsyncLambda介紹\D010AsyncLambda介紹.csproj", "{FFCC7EE6-0BE5-491C-B99B-B9D1BC669564}"
EndProject
Global
	GlobalSection(SolutionConfigurationPlatforms) = preSolution
		Debug|Any CPU = Debug|Any CPU
		Release|Any CPU = Release|Any CPU
	EndGlobalSection
	GlobalSection(ProjectConfigurationPlatforms) = postSolution
		{14F7BA46-196D-4621-831C-520181A45E8E}.Debug|Any CPU.ActiveCfg = Debug|Any CPU
		{14F7BA46-196D-4621-831C-520181A45E8E}.Debug|Any CPU.Build.0 = Debug|Any CPU
		{14F7BA46-196D-4621-831C-520181A45E8E}.Release|Any CPU.ActiveCfg = Release|Any CPU
		{14F7BA46-196D-4621-831C-520181A45E8E}.Release|Any CPU.Build.0 = Release|Any CPU
		{75EC0510-18C2-48E8-B3F6-08D61CD2C42F}.Debug|Any CPU.ActiveCfg = Debug|Any CPU
		{75EC0510-18C2-48E8-B3F6-08D61CD2C42F}.Debug|Any CPU.Build.0 = Debug|Any CPU
		{75EC0510-18C2-48E8-B3F6-08D61CD2C42F}.Release|Any CPU.ActiveCfg = Release|Any CPU
		{75EC0510-18C2-48E8-B3F6-08D61CD2C42F}.Release|Any CPU.Build.0 = Release|Any CPU
		{2FBFF7CC-1F85-4341-BDDD-6854D77F6D0E}.Debug|Any CPU.ActiveCfg = Debug|Any CPU
		{2FBFF7CC-1F85-4341-BDDD-6854D77F6D0E}.Debug|Any CPU.Build.0 = Debug|Any CPU
		{2FBFF7CC-1F85-4341-BDDD-6854D77F6D0E}.Release|Any CPU.ActiveCfg = Release|Any CPU
		{2FBFF7CC-1F85-4341-BDDD-6854D77F6D0E}.Release|Any CPU.Build.0 = Release|Any CPU
		{8986ACD6-81E8-4435-9220-8ECA0F04980D}.Debug|Any CPU.ActiveCfg = Debug|Any CPU
		{8986ACD6-81E8-4435-9220-8ECA0F04980D}.Debug|Any CPU.Build.0 = Debug|Any CPU
		{8986ACD6-81E8-4435-9220-8ECA0F04980D}.Release|Any CPU.ActiveCfg = Release|Any CPU
		{8986ACD6-81E8-4435-9220-8ECA0F04980D}.Release|Any CPU.Build.0 = Release|Any CPU
		{C31FCE65-48B8-49FE-BCB5-B712E9F65180}.Debug|Any CPU.ActiveCfg = Debug|Any CPU
		{C31FCE65-48B8-49FE-BCB5-B712E9F65180}.Debug|Any CPU.Build.0 = Debug|Any CPU
		{C31FCE65-48B8-49FE-BCB5-B712E9F65180}.Release|Any CPU.ActiveCfg = Release|Any CPU
		{C31FCE65-48B8-49FE-BCB5-B712E9F65180}.Release|Any CPU.Build.0 = Release|Any CPU
		{323E1CD6-5B67-43EF-88F2-7CB08C7AF952}.Debug|Any CPU.ActiveCfg = Debug|Any CPU
		{323E1CD6-5B67-43EF-88F2-7CB08C7AF952}.Debug|Any CPU.Build.0 = Debug|Any CPU
		{323E1CD6-5B67-43EF-88F2-7CB08C7AF952}.Release|Any CPU.ActiveCfg = Release|Any CPU
		{323E1CD6-5B67-43EF-88F2-7CB08C7AF952}.Release|Any CPU.Build.0 = Release|Any CPU
		{AA340B10-C33A-4EB6-88C3-02F9FCCB9512}.Debug|Any CPU.ActiveCfg = Debug|Any CPU
		{AA340B10-C33A-4EB6-88C3-02F9FCCB9512}.Debug|Any CPU.Build.0 = Debug|Any CPU
		{AA340B10-C33A-4EB6-88C3-02F9FCCB9512}.Release|Any CPU.ActiveCfg = Release|Any CPU
		{AA340B10-C33A-4EB6-88C3-02F9FCCB9512}.Release|Any CPU.Build.0 = Release|Any CPU
		{0A66E80A-20BE-4DD9-8331-A16D8E81080A}.Debug|Any CPU.ActiveCfg = Debug|Any CPU
		{0A66E80A-20BE-4DD9-8331-A16D8E81080A}.Debug|Any CPU.Build.0 = Debug|Any CPU
		{0A66E80A-20BE-4DD9-8331-A16D8E81080A}.Release|Any CPU.ActiveCfg = Release|Any CPU
		{0A66E80A-20BE-4DD9-8331-A16D8E81080A}.Release|Any CPU.Build.0 = Release|Any CPU
		{B1719FD0-8D9A-449E-BAE3-3E4DD9538089}.Debug|Any CPU.ActiveCfg = Debug|Any CPU
		{B1719FD0-8D9A-449E-BAE3-3E4DD9538089}.Debug|Any CPU.Build.0 = Debug|Any CPU
		{B1719FD0-8D9A-449E-BAE3-3E4DD9538089}.Release|Any CPU.ActiveCfg = Release|Any CPU
		{B1719FD0-8D9A-449E-BAE3-3E4DD9538089}.Release|Any CPU.Build.0 = Release|Any CPU
		{FFCC7EE6-0BE5-491C-B99B-B9D1BC669564}.Debug|Any CPU.ActiveCfg = Debug|Any CPU
		{FFCC7EE6-0BE5-491C-B99B-B9D1BC669564}.Debug|Any CPU.Build.0 = Debug|Any CPU
		{FFCC7EE6-0BE5-491C-B99B-B9D1BC669564}.Release|Any CPU.ActiveCfg = Release|Any CPU
		{FFCC7EE6-0BE5-491C-B99B-B9D1BC669564}.Release|Any CPU.Build.0 = Release|Any CPU
	EndGlobalSection
	GlobalSection(SolutionProperties) = preSolution
		HideSolutionNode = FALSE
	EndGlobalSection
	GlobalSection(ExtensibilityGlobals) = postSolution
		SolutionGuid = {F6403C21-F8E3-4C85-A781-EEC2FE771762}
	EndGlobalSection
EndGlobal
