
Microsoft Visual Studio Solution File, Format Version 12.00
# Visual Studio 15
VisualStudioVersion = 15.0.28307.645
MinimumVisualStudioVersion = 10.0.40219.1
Project("{FAE04EC0-301F-11D3-BF4B-00C04F79EFBC}") = "D001傳統委派Void", "..\D001傳統委派\D001傳統委派Void.csproj", "{14F7BA46-196D-4621-831C-520181A45E8E}"
EndProject
Project("{FAE04EC0-301F-11D3-BF4B-00C04F79EFBC}") = "D002傳統委派具有回傳值", "..\D002傳統委派具有回傳值\D002傳統委派具有回傳值.csproj", "{75EC0510-18C2-48E8-B3F6-08D61CD2C42F}"
EndProject
Project("{FAE04EC0-301F-11D3-BF4B-00C04F79EFBC}") = "D004將委派塞入變數與參數傳遞", "..\D004將委派塞入變數與參數傳遞\D004將委派塞入變數與參數傳遞.csproj", "{2FBFF7CC-1F85-4341-BDDD-6854D77F6D0E}"
EndProject
Project("{FAE04EC0-301F-11D3-BF4B-00C04F79EFBC}") = "D005Action介紹", "..\D005Action介紹\D005Action介紹.csproj", "{8986ACD6-81E8-4435-9220-8ECA0F04980D}"
EndProject
Project("{FAE04EC0-301F-11D3-BF4B-00C04F79EFBC}") = "D003證明委派是一種型別", "..\D003證明委派是一種型別\D003證明委派是一種型別.csproj", "{C31FCE65-48B8-49FE-BCB5-B712E9F65180}"
EndProject
Project("{FAE04EC0-301F-11D3-BF4B-00C04F79EFBC}") = "D006Predicate介紹", "..\..\DelegateExampl\D006Predicate介紹\D006Predicate介紹.csproj", "{E7F555E7-30EE-4241-81C6-89E129954250}"
EndProject
Global
	GlobalSection(SolutionConfigurationPlatforms) = preSolution
		Debug|Any CPU = Debug|Any CPU
		Release|Any CPU = Release|Any CPU
	EndGlobalSection
	GlobalSection(ProjectConfigurationPlatforms) = postSolution
		{14F7BA46-196D-4621-831C-520181A45E8E}.Debug|Any CPU.ActiveCfg = Debug|Any CPU
		{14F7BA46-196D-4621-831C-520181A45E8E}.Debug|Any CPU.Build.0 = Debug|Any CPU
		{14F7BA46-196D-4621-831C-520181A45E8E}.Release|Any CPU.ActiveCfg = Release|Any CPU
		{14F7BA46-196D-4621-831C-520181A45E8E}.Release|Any CPU.Build.0 = Release|Any CPU
		{75EC0510-18C2-48E8-B3F6-08D61CD2C42F}.Debug|Any CPU.ActiveCfg = Debug|Any CPU
		{75EC0510-18C2-48E8-B3F6-08D61CD2C42F}.Debug|Any CPU.Build.0 = Debug|Any CPU
		{75EC0510-18C2-48E8-B3F6-08D61CD2C42F}.Release|Any CPU.ActiveCfg = Release|Any CPU
		{75EC0510-18C2-48E8-B3F6-08D61CD2C42F}.Release|Any CPU.Build.0 = Release|Any CPU
		{2FBFF7CC-1F85-4341-BDDD-6854D77F6D0E}.Debug|Any CPU.ActiveCfg = Debug|Any CPU
		{2FBFF7CC-1F85-4341-BDDD-6854D77F6D0E}.Debug|Any CPU.Build.0 = Debug|Any CPU
		{2FBFF7CC-1F85-4341-BDDD-6854D77F6D0E}.Release|Any CPU.ActiveCfg = Release|Any CPU
		{2FBFF7CC-1F85-4341-BDDD-6854D77F6D0E}.Release|Any CPU.Build.0 = Release|Any CPU
		{8986ACD6-81E8-4435-9220-8ECA0F04980D}.Debug|Any CPU.ActiveCfg = Debug|Any CPU
		{8986ACD6-81E8-4435-9220-8ECA0F04980D}.Debug|Any CPU.Build.0 = Debug|Any CPU
		{8986ACD6-81E8-4435-9220-8ECA0F04980D}.Release|Any CPU.ActiveCfg = Release|Any CPU
		{8986ACD6-81E8-4435-9220-8ECA0F04980D}.Release|Any CPU.Build.0 = Release|Any CPU
		{C31FCE65-48B8-49FE-BCB5-B712E9F65180}.Debug|Any CPU.ActiveCfg = Debug|Any CPU
		{C31FCE65-48B8-49FE-BCB5-B712E9F65180}.Debug|Any CPU.Build.0 = Debug|Any CPU
		{C31FCE65-48B8-49FE-BCB5-B712E9F65180}.Release|Any CPU.ActiveCfg = Release|Any CPU
		{C31FCE65-48B8-49FE-BCB5-B712E9F65180}.Release|Any CPU.Build.0 = Release|Any CPU
		{E7F555E7-30EE-4241-81C6-89E129954250}.Debug|Any CPU.ActiveCfg = Debug|Any CPU
		{E7F555E7-30EE-4241-81C6-89E129954250}.Debug|Any CPU.Build.0 = Debug|Any CPU
		{E7F555E7-30EE-4241-81C6-89E129954250}.Release|Any CPU.ActiveCfg = Release|Any CPU
		{E7F555E7-30EE-4241-81C6-89E129954250}.Release|Any CPU.Build.0 = Release|Any CPU
	EndGlobalSection
	GlobalSection(SolutionProperties) = preSolution
		HideSolutionNode = FALSE
	EndGlobalSection
	GlobalSection(ExtensibilityGlobals) = postSolution
		SolutionGuid = {F6403C21-F8E3-4C85-A781-EEC2FE771762}
	EndGlobalSection
EndGlobal
